# This file is autogenerated, do not edit; changes may be undone by the next 'dep ensure'.


[[projects]]
  branch = "master"
  name = "github.com/alecthomas/log4go"
  packages = ["."]
  revision = "d146e6b86faab5f7e4d135cc63b749d74bf0d4a6"

[[projects]]
  name = "github.com/klauspost/compress"
  packages = [
    "flate",
    "gzip",
    "zlib"
  ]
  revision = "8a8c9b92f99fe49f9c13688b0ee2824bb586c972"

[[projects]]
  name = "github.com/klauspost/cpuid"
  packages = ["."]
  revision = "ae832f27941af41db13bd6d8efd2493e3b22415a"

[[projects]]
  name = "github.com/mediocregopher/radix.v2"
  packages = [
    "pool",
    "redis"
  ]
  revision = "0fc168e3f12446d799d75baaf179a5f956d5eddd"

[[projects]]
  branch = "master"
  name = "github.com/valyala/bytebufferpool"
  packages = ["."]
  revision = "e746df99fe4a3986f4d4f79e13c1e0117ce9c2f7"

[[projects]]
  name = "github.com/valyala/fasthttp"
  packages = [
    ".",
    "fasthttputil",
    "stackless"
  ]
  revision = "e5f51c11919d4f66400334047b897ef0a94c6f3c"
  version = "v20180529"

[[projects]]
  branch = "master"
  name = "github.com/wanghongfei/go-eureka-client"
  packages = ["eureka"]
  revision = "777a4e11e911b7119233912afe41183bffe0a35e"

[[projects]]
  name = "gopkg.in/yaml.v2"
  packages = ["."]
  revision = "7f97868eec74b32b0982dd158a51a446d1da7eb5"
  version = "v2.1.1"

[solve-meta]
  analyzer-name = "dep"
  analyzer-version = 1
  inputs-digest = "39a1ea334c08b1a06efb508433e133391f31078ea8b37855e5175ee6264edaf5"
  solver-name = "gps-cdcl"
  solver-version = 1
