# This file is autogenerated, do not edit; changes may be undone by the next 'dep ensure'.


[[projects]]
  branch = "master"
  digest = "1:e95c8ee2ac122e3b55a7bef845c4c65bbd240685da1dbb48aee2d6854e16c758"
  name = "github.com/alecthomas/log4go"
  packages = ["."]
  pruneopts = "UT"
  revision = "d146e6b86faab5f7e4d135cc63b749d74bf0d4a6"

[[projects]]
  digest = "1:4e154aae08ca3a1f6fce1e6e4c694bb958cb5f1bda5c1576b5887102ea13e18e"
  name = "github.com/klauspost/compress"
  packages = [
    "flate",
    "gzip",
    "zlib",
  ]
  pruneopts = "UT"
  revision = "8a8c9b92f99fe49f9c13688b0ee2824bb586c972"

[[projects]]
  digest = "1:d8caaa1d517aa9da8f700aa58cce951c549556728928ee08ae7c81985acb8985"
  name = "github.com/klauspost/cpuid"
  packages = ["."]
  pruneopts = "UT"
  revision = "ae832f27941af41db13bd6d8efd2493e3b22415a"

[[projects]]
  digest = "1:627714cf9a81f18c449d30c08cbbfdb3c8837875ab7fce3f6542d819a76e40ea"
  name = "github.com/mediocregopher/radix.v2"
  packages = [
    "pool",
    "redis",
  ]
  pruneopts = "UT"
  revision = "0fc168e3f12446d799d75baaf179a5f956d5eddd"

[[projects]]
  branch = "master"
  digest = "1:c468422f334a6b46a19448ad59aaffdfc0a36b08fdcc1c749a0b29b6453d7e59"
  name = "github.com/valyala/bytebufferpool"
  packages = ["."]
  pruneopts = "UT"
  revision = "e746df99fe4a3986f4d4f79e13c1e0117ce9c2f7"

[[projects]]
  digest = "1:15ad8a80098fcc7a194b9db6b26d74072a852e4faa957848c8118193d3c69230"
  name = "github.com/valyala/fasthttp"
  packages = [
    ".",
    "fasthttputil",
    "stackless",
  ]
  pruneopts = "UT"
  revision = "e5f51c11919d4f66400334047b897ef0a94c6f3c"
  version = "v20180529"

[[projects]]
  digest = "1:5951ff3953328d2db238edd424e9c570cea5ba7e74840716ebad07c4be4ae6b9"
  name = "github.com/wanghongfei/go-eureka-client"
  packages = ["eureka"]
  pruneopts = "UT"
  revision = "f168b9d2b7a509a605ba3a5def0a2e4637c25c3c"
  version = "v1.1.0"

[[projects]]
  digest = "1:2a81c6e126d36ad027328cffaa4888fc3be40f09dc48028d1f93705b718130b9"
  name = "gopkg.in/yaml.v2"
  packages = ["."]
  pruneopts = "UT"
  revision = "7f97868eec74b32b0982dd158a51a446d1da7eb5"
  version = "v2.1.1"

[solve-meta]
  analyzer-name = "dep"
  analyzer-version = 1
  input-imports = [
    "github.com/alecthomas/log4go",
    "github.com/mediocregopher/radix.v2/pool",
    "github.com/valyala/fasthttp",
    "github.com/wanghongfei/go-eureka-client/eureka",
    "gopkg.in/yaml.v2",
  ]
  solver-name = "gps-cdcl"
  solver-version = 1
